
Microsoft Visual Studio Solution File, Format Version 12.00
# Visual Studio Version 17
VisualStudioVersion = 17.5.33530.505
MinimumVisualStudioVersion = 10.0.40219.1
Project("{FAE04EC0-301F-11D3-BF4B-00C04F79EFBC}") = "UrunKMVCWebUI", "UrunKMVCWebUI\UrunKMVCWebUI.csproj", "{6263BAEF-D04C-4994-95A2-131321A8371E}"
EndProject
Global
	GlobalSection(SolutionConfigurationPlatforms) = preSolution
		Debug|Any CPU = Debug|Any CPU
		Release|Any CPU = Release|Any CPU
	EndGlobalSection
	GlobalSection(ProjectConfigurationPlatforms) = postSolution
		{6263BAEF-D04C-4994-95A2-131321A8371E}.Debug|Any CPU.ActiveCfg = Debug|Any CPU
		{6263BAEF-D04C-4994-95A2-131321A8371E}.Debug|Any CPU.Build.0 = Debug|Any CPU
		{6263BAEF-D04C-4994-95A2-131321A8371E}.Release|Any CPU.ActiveCfg = Release|Any CPU
		{6263BAEF-D04C-4994-95A2-131321A8371E}.Release|Any CPU.Build.0 = Release|Any CPU
	EndGlobalSection
	GlobalSection(SolutionProperties) = preSolution
		HideSolutionNode = FALSE
	EndGlobalSection
	GlobalSection(ExtensibilityGlobals) = postSolution
		SolutionGuid = {BFB7D0F2-3F27-43CB-9ED8-8B77541392FE}
	EndGlobalSection
EndGlobal
